
Microsoft Visual Studio Solution File, Format Version 12.00
# Visual Studio Version 17
VisualStudioVersion = 17.5.33530.505
MinimumVisualStudioVersion = 10.0.40219.1
Project("{FAE04EC0-301F-11D3-BF4B-00C04F79EFBC}") = "Data", "Data\Data.csproj", "{88B13929-EDDE-4687-9A38-84A3337E2E0B}"
EndProject
Project("{FAE04EC0-301F-11D3-BF4B-00C04F79EFBC}") = "DataTests", "DataTests\DataTests.csproj", "{478FB0CF-21FB-4AB5-9561-02059E1ED96E}"
EndProject
Project("{FAE04EC0-301F-11D3-BF4B-00C04F79EFBC}") = "Service", "Service\Service.csproj", "{DFD279F1-E32E-4693-81B2-EA3A02A6A8D0}"
EndProject
Project("{9A19103F-16F7-4668-BE54-9A1E7A4F7556}") = "ServiceTest", "ServiceTest\ServiceTest.csproj", "{EF9BD6D0-6BEA-49BD-9037-D711E4FF71FA}"
EndProject
Project("{FAE04EC0-301F-11D3-BF4B-00C04F79EFBC}") = "Presentation", "Presentation\Presentation.csproj", "{DCC160FB-D00E-47E0-8461-D8881DECF14D}"
	ProjectSection(ProjectDependencies) = postProject
		{88B13929-EDDE-4687-9A38-84A3337E2E0B} = {88B13929-EDDE-4687-9A38-84A3337E2E0B}
	EndProjectSection
EndProject
Global
	GlobalSection(SolutionConfigurationPlatforms) = preSolution
		Debug|Any CPU = Debug|Any CPU
		Release|Any CPU = Release|Any CPU
	EndGlobalSection
	GlobalSection(ProjectConfigurationPlatforms) = postSolution
		{88B13929-EDDE-4687-9A38-84A3337E2E0B}.Debug|Any CPU.ActiveCfg = Debug|Any CPU
		{88B13929-EDDE-4687-9A38-84A3337E2E0B}.Debug|Any CPU.Build.0 = Debug|Any CPU
		{88B13929-EDDE-4687-9A38-84A3337E2E0B}.Release|Any CPU.ActiveCfg = Release|Any CPU
		{88B13929-EDDE-4687-9A38-84A3337E2E0B}.Release|Any CPU.Build.0 = Release|Any CPU
		{478FB0CF-21FB-4AB5-9561-02059E1ED96E}.Debug|Any CPU.ActiveCfg = Debug|Any CPU
		{478FB0CF-21FB-4AB5-9561-02059E1ED96E}.Debug|Any CPU.Build.0 = Debug|Any CPU
		{478FB0CF-21FB-4AB5-9561-02059E1ED96E}.Release|Any CPU.ActiveCfg = Release|Any CPU
		{478FB0CF-21FB-4AB5-9561-02059E1ED96E}.Release|Any CPU.Build.0 = Release|Any CPU
		{DFD279F1-E32E-4693-81B2-EA3A02A6A8D0}.Debug|Any CPU.ActiveCfg = Debug|Any CPU
		{DFD279F1-E32E-4693-81B2-EA3A02A6A8D0}.Debug|Any CPU.Build.0 = Debug|Any CPU
		{DFD279F1-E32E-4693-81B2-EA3A02A6A8D0}.Release|Any CPU.ActiveCfg = Release|Any CPU
		{DFD279F1-E32E-4693-81B2-EA3A02A6A8D0}.Release|Any CPU.Build.0 = Release|Any CPU
		{EF9BD6D0-6BEA-49BD-9037-D711E4FF71FA}.Debug|Any CPU.ActiveCfg = Debug|Any CPU
		{EF9BD6D0-6BEA-49BD-9037-D711E4FF71FA}.Debug|Any CPU.Build.0 = Debug|Any CPU
		{EF9BD6D0-6BEA-49BD-9037-D711E4FF71FA}.Release|Any CPU.ActiveCfg = Release|Any CPU
		{EF9BD6D0-6BEA-49BD-9037-D711E4FF71FA}.Release|Any CPU.Build.0 = Release|Any CPU
		{DCC160FB-D00E-47E0-8461-D8881DECF14D}.Debug|Any CPU.ActiveCfg = Debug|Any CPU
		{DCC160FB-D00E-47E0-8461-D8881DECF14D}.Debug|Any CPU.Build.0 = Debug|Any CPU
		{DCC160FB-D00E-47E0-8461-D8881DECF14D}.Release|Any CPU.ActiveCfg = Release|Any CPU
		{DCC160FB-D00E-47E0-8461-D8881DECF14D}.Release|Any CPU.Build.0 = Release|Any CPU
	EndGlobalSection
	GlobalSection(SolutionProperties) = preSolution
		HideSolutionNode = FALSE
	EndGlobalSection
	GlobalSection(ExtensibilityGlobals) = postSolution
		SolutionGuid = {F249F808-32F4-44E1-A106-E293316E1F18}
	EndGlobalSection
EndGlobal
